
Microsoft Visual Studio Solution File, Format Version 12.00
# Visual Studio Version 17
VisualStudioVersion = 17.0.32112.339
MinimumVisualStudioVersion = 10.0.40219.1
Project("{FAE04EC0-301F-11D3-BF4B-00C04F79EFBC}") = "dotNET-module-12-HW", "dotNET-module-12-HW\dotNET-module-12-HW.csproj", "{4608C69B-CC64-4110-8442-FCF64D36323D}"
EndProject
Global
	GlobalSection(SolutionConfigurationPlatforms) = preSolution
		Debug|Any CPU = Debug|Any CPU
		Release|Any CPU = Release|Any CPU
	EndGlobalSection
	GlobalSection(ProjectConfigurationPlatforms) = postSolution
		{4608C69B-CC64-4110-8442-FCF64D36323D}.Debug|Any CPU.ActiveCfg = Debug|Any CPU
		{4608C69B-CC64-4110-8442-FCF64D36323D}.Debug|Any CPU.Build.0 = Debug|Any CPU
		{4608C69B-CC64-4110-8442-FCF64D36323D}.Release|Any CPU.ActiveCfg = Release|Any CPU
		{4608C69B-CC64-4110-8442-FCF64D36323D}.Release|Any CPU.Build.0 = Release|Any CPU
	EndGlobalSection
	GlobalSection(SolutionProperties) = preSolution
		HideSolutionNode = FALSE
	EndGlobalSection
	GlobalSection(ExtensibilityGlobals) = postSolution
		SolutionGuid = {39890409-E667-4CA3-9601-06AADE799F58}
	EndGlobalSection
EndGlobal
